{
  "nodes": {
    "crane": {
      "locked": {
        "lastModified": 1730060262,
        "narHash": "sha256-RMgSVkZ9H03sxC+Vh4jxtLTCzSjPq18UWpiM0gq6shQ=",
        "owner": "ipetkov",
        "repo": "crane",
        "rev": "498d9f122c413ee1154e8131ace5a35a80d8fa76",
        "type": "github"
      },
      "original": {
        "owner": "ipetkov",
        "repo": "crane",
        "type": "github"
      }
    },
    "flakelight": {
      "inputs": {
        "nixpkgs": [
          "nixpkgs"
        ]
      },
      "locked": {
        "lastModified": 1732368988,
        "narHash": "sha256-X3Sqxfi8h2qgdBE0pad4E6EUHSVSyHdXnKuYM9/v0tQ=",
        "path": "/home/robin/Projects/flakelight",
        "type": "path"
      },
      "original": {
        "path": "/home/robin/Projects/flakelight",
        "type": "path"
      }
    },
    "mill-scale": {
      "inputs": {
        "crane": "crane",
        "flakelight": [
          "flakelight"
        ],
        "rust-overlay": "rust-overlay"
      },
      "locked": {
        "lastModified": 1732308743,
        "narHash": "sha256-z9tk/ssnvmd3zZCaYWtycTAD/7X7jSJX2btO7QO4y1I=",
        "path": "/home/robin/Projects/mill-scale",
        "type": "path"
      },
      "original": {
        "path": "/home/robin/Projects/mill-scale",
        "type": "path"
      }
    },
    "nixpkgs": {
      "locked": {
        "lastModified": 1732981179,
        "narHash": "sha256-F7thesZPvAMSwjRu0K8uFshTk3ZZSNAsXTIFvXBT+34=",
        "owner": "NixOS",
        "repo": "nixpkgs",
        "rev": "62c435d93bf046a5396f3016472e8f7c8e2aed65",
        "type": "github"
      },
      "original": {
        "id": "nixpkgs",
        "ref": "nixos-24.11",
        "type": "indirect"
      }
    },
    "npmlock2nix": {
      "flake": false,
      "locked": {
        "lastModified": 1673447413,
        "narHash": "sha256-sJM82Sj8yfQYs9axEmGZ9Evzdv/kDcI9sddqJ45frrU=",
        "owner": "nix-community",
        "repo": "npmlock2nix",
        "rev": "9197bbf397d76059a76310523d45df10d2e4ca81",
        "type": "github"
      },
      "original": {
        "owner": "nix-community",
        "repo": "npmlock2nix",
        "type": "github"
      }
    },
    "root": {
      "inputs": {
        "flakelight": "flakelight",
        "mill-scale": "mill-scale",
        "nixpkgs": "nixpkgs",
        "npmlock2nix": "npmlock2nix"
      }
    },
    "rust-overlay": {
      "inputs": {
        "nixpkgs": [
          "mill-scale",
          "flakelight",
          "nixpkgs"
        ]
      },
      "locked": {
        "lastModified": 1731897198,
        "narHash": "sha256-Ou7vLETSKwmE/HRQz4cImXXJBr/k9gp4J4z/PF8LzTE=",
        "owner": "oxalica",
        "repo": "rust-overlay",
        "rev": "0be641045af6d8666c11c2c40e45ffc9667839b5",
        "type": "github"
      },
      "original": {
        "owner": "oxalica",
        "repo": "rust-overlay",
        "type": "github"
      }
    }
  },
  "root": "root",
  "version": 7
}
