{
  "name": "frontend",
  "lockfileVersion": 3,
  "requires": true,
  "packages": {
    "": {
      "dependencies": {
        "@demostf/edit": "0.2.0",
        "@demostf/tf-demos-viewer": "^0.1.2",
        "@solid-primitives/keyboard": "^1.2.8",
        "@solid-primitives/resize-observer": "^2.0.15",
        "@thisbeyond/solid-select": "^0.13.0",
        "@types/throttle-debounce": "^5.0.2",
        "solid-js": "1.8.23",
        "throttle-debounce": "^5.0.2"
      }
    },
    "node_modules/@demostf/edit": {
      "version": "0.2.0",
      "resolved": "https://registry.npmjs.org/@demostf/edit/-/edit-0.2.0.tgz",
      "integrity": "sha512-s9wk3QVm+aTpMhIyfdGIHRm5qHp7FQ1dq/Jn0fms+lXsB1xY3wgjfWH+5gwRjjo/Dd3UMNM0o3atjO2uh+CxOQ=="
    },
    "node_modules/@demostf/tf-demos-viewer": {
      "version": "0.1.2",
      "resolved": "https://registry.npmjs.org/@demostf/tf-demos-viewer/-/tf-demos-viewer-0.1.2.tgz",
      "integrity": "sha512-BeeUWsFmICuma2FWJK4gjrILwwdgZbeCm2TELZfcJDV4QYfmukI8weNdQb3RFurxcebFZ0IER9fA0oXAdiGYpw=="
    },
    "node_modules/@solid-primitives/event-listener": {
      "version": "2.3.3",
      "resolved": "https://registry.npmjs.org/@solid-primitives/event-listener/-/event-listener-2.3.3.tgz",
      "integrity": "sha512-DAJbl+F0wrFW2xmcV8dKMBhk9QLVLuBSW+TR4JmIfTaObxd13PuL7nqaXnaYKDWOYa6otB00qcCUIGbuIhSUgQ==",
      "license": "MIT",
      "dependencies": {
        "@solid-primitives/utils": "^6.2.3"
      },
      "peerDependencies": {
        "solid-js": "^1.6.12"
      }
    },
    "node_modules/@solid-primitives/keyboard": {
      "version": "1.2.8",
      "resolved": "https://registry.npmjs.org/@solid-primitives/keyboard/-/keyboard-1.2.8.tgz",
      "integrity": "sha512-pJtcbkjozS6L1xvTht9rPpyPpX55nAkfBzbFWdf3y0Suwh6qClTibvvObzKOf7uzQ+8aZRDH4LsoGmbTKXtJjQ==",
      "license": "MIT",
      "dependencies": {
        "@solid-primitives/event-listener": "^2.3.3",
        "@solid-primitives/rootless": "^1.4.5",
        "@solid-primitives/utils": "^6.2.3"
      },
      "peerDependencies": {
        "solid-js": "^1.6.12"
      }
    },
    "node_modules/@solid-primitives/resize-observer": {
      "version": "2.0.26",
      "resolved": "https://registry.npmjs.org/@solid-primitives/resize-observer/-/resize-observer-2.0.26.tgz",
      "integrity": "sha512-KbPhwal6ML9OHeUTZszBbt6PYSMj89d4wVCLxlvDYL4U0+p+xlCEaqz6v9dkCwm/0Lb+Wed7W5T1dQZCP3JUUw==",
      "license": "MIT",
      "dependencies": {
        "@solid-primitives/event-listener": "^2.3.3",
        "@solid-primitives/rootless": "^1.4.5",
        "@solid-primitives/static-store": "^0.0.8",
        "@solid-primitives/utils": "^6.2.3"
      },
      "peerDependencies": {
        "solid-js": "^1.6.12"
      }
    },
    "node_modules/@solid-primitives/rootless": {
      "version": "1.4.5",
      "resolved": "https://registry.npmjs.org/@solid-primitives/rootless/-/rootless-1.4.5.tgz",
      "integrity": "sha512-GFJE9GC3ojx0aUKqAUZmQPyU8fOVMtnVNrkdk2yS4kd17WqVSpXpoTmo9CnOwA+PG7FTzdIkogvfLQSLs4lrww==",
      "license": "MIT",
      "dependencies": {
        "@solid-primitives/utils": "^6.2.3"
      },
      "peerDependencies": {
        "solid-js": "^1.6.12"
      }
    },
    "node_modules/@solid-primitives/static-store": {
      "version": "0.0.8",
      "resolved": "https://registry.npmjs.org/@solid-primitives/static-store/-/static-store-0.0.8.tgz",
      "integrity": "sha512-ZecE4BqY0oBk0YG00nzaAWO5Mjcny8Fc06CdbXadH9T9lzq/9GefqcSe/5AtdXqjvY/DtJ5C6CkcjPZO0o/eqg==",
      "license": "MIT",
      "dependencies": {
        "@solid-primitives/utils": "^6.2.3"
      },
      "peerDependencies": {
        "solid-js": "^1.6.12"
      }
    },
    "node_modules/@solid-primitives/utils": {
      "version": "6.2.3",
      "resolved": "https://registry.npmjs.org/@solid-primitives/utils/-/utils-6.2.3.tgz",
      "integrity": "sha512-CqAwKb2T5Vi72+rhebSsqNZ9o67buYRdEJrIFzRXz3U59QqezuuxPsyzTSVCacwS5Pf109VRsgCJQoxKRoECZQ==",
      "license": "MIT",
      "peerDependencies": {
        "solid-js": "^1.6.12"
      }
    },
    "node_modules/@thisbeyond/solid-select": {
      "version": "0.13.0",
      "resolved": "https://registry.npmjs.org/@thisbeyond/solid-select/-/solid-select-0.13.0.tgz",
      "integrity": "sha512-eION+Xf8TGLs1NZrvRo1NRKOl4plYMbY7UswHhh5bEUY8oMltjrBhUWF0hzaFViEc1zZpkCQyafaD89iofG6Tg==",
      "license": "MIT",
      "peerDependencies": {
        "solid-js": "^1.5"
      }
    },
    "node_modules/@types/throttle-debounce": {
      "version": "5.0.2",
      "resolved": "https://registry.npmjs.org/@types/throttle-debounce/-/throttle-debounce-5.0.2.tgz",
      "integrity": "sha512-pDzSNulqooSKvSNcksnV72nk8p7gRqN8As71Sp28nov1IgmPKWbOEIwAWvBME5pPTtaXJAvG3O4oc76HlQ4kqQ==",
      "license": "MIT"
    },
    "node_modules/csstype": {
      "version": "3.1.3",
      "resolved": "https://registry.npmjs.org/csstype/-/csstype-3.1.3.tgz",
      "integrity": "sha512-M1uQkMl8rQK/szD0LNhtqxIPLpimGm8sOBwU7lLnCpSbTyY3yeU1Vc7l4KT5zT4s/yOxHH5O7tIuuLOCnLADRw==",
      "license": "MIT"
    },
    "node_modules/seroval": {
      "version": "1.1.1",
      "resolved": "https://registry.npmjs.org/seroval/-/seroval-1.1.1.tgz",
      "integrity": "sha512-rqEO6FZk8mv7Hyv4UCj3FD3b6Waqft605TLfsCe/BiaylRpyyMC0b+uA5TJKawX3KzMrdi3wsLbCaLplrQmBvQ==",
      "license": "MIT",
      "engines": {
        "node": ">=10"
      }
    },
    "node_modules/seroval-plugins": {
      "version": "1.1.1",
      "resolved": "https://registry.npmjs.org/seroval-plugins/-/seroval-plugins-1.1.1.tgz",
      "integrity": "sha512-qNSy1+nUj7hsCOon7AO4wdAIo9P0jrzAMp18XhiOzA6/uO5TKtP7ScozVJ8T293oRIvi5wyCHSM4TrJo/c/GJA==",
      "license": "MIT",
      "engines": {
        "node": ">=10"
      },
      "peerDependencies": {
        "seroval": "^1.0"
      }
    },
    "node_modules/solid-js": {
      "version": "1.8.23",
      "resolved": "https://registry.npmjs.org/solid-js/-/solid-js-1.8.23.tgz",
      "integrity": "sha512-0jKzMgxmU/b3k4iJmIZJW2BIArrHN+Mug0n7m7MeHvGHWiS57ZdyTmnqNMSbGRvE73QBnTiGFJc90cPPieawaA==",
      "license": "MIT",
      "dependencies": {
        "csstype": "^3.1.0",
        "seroval": "^1.1.0",
        "seroval-plugins": "^1.1.0"
      }
    },
    "node_modules/throttle-debounce": {
      "version": "5.0.2",
      "resolved": "https://registry.npmjs.org/throttle-debounce/-/throttle-debounce-5.0.2.tgz",
      "integrity": "sha512-B71/4oyj61iNH0KeCamLuE2rmKuTO5byTOSVwECM5FA7TiAiAW+UqTKZ9ERueC4qvgSttUhdmq1mXC3kJqGX7A==",
      "license": "MIT",
      "engines": {
        "node": ">=12.22"
      }
    }
  }
}
